// !$*UTF8*$!
{
	archiveVersion = 1;
	classes = {
	};
	objectVersion = 56;
	objects = {

/* Begin PBXBuildFile section */
		1560B2B58CC034D6C2C2C1B5 /* AuraSchema.swift in Sources */ = {isa = PBXBuildFile; fileRef = BC387A1F37B9A3EC6F2CE0A5 /* AuraSchema.swift */; };
		15AEEF60DAFB7B0DC11067F7 /* ManyToManyRelationshipTests.swift in Sources */ = {isa = PBXBuildFile; fileRef = 5AD109367CBFD01653957163 /* ManyToManyRelationshipTests.swift */; };
		288758D891D018800E421E79 /* HeadacheCascadeDeleteTests.swift in Sources */ = {isa = PBXBuildFile; fileRef = E9DA4DF039384FBC132DCB2C /* HeadacheCascadeDeleteTests.swift */; };
		3D1C6A60FFC386DD59E999FB /* TreatmentScheduleSheet.swift in Sources */ = {isa = PBXBuildFile; fileRef = 26F8BED80984FE3014FA5D3A /* TreatmentScheduleSheet.swift */; };
		42D5BE69493DF3672A66DE11 /* SleepSectionView.swift in Sources */ = {isa = PBXBuildFile; fileRef = 52B1B21B298739B552F8F295 /* SleepSectionView.swift */; };
		4D16EFB883043A2D5972897B /* TestHelpers.swift in Sources */ = {isa = PBXBuildFile; fileRef = B50E74ADA9CF9F97C45AAA05 /* TestHelpers.swift */; };
		6B2BECA46930D4B386D20592 /* TreatmentPlannerTests.swift in Sources */ = {isa = PBXBuildFile; fileRef = 81FBD0448ADEBA60CB2AE974 /* TreatmentPlannerTests.swift */; };
		790426631461258E9C618172 /* AddMedicineSheet.swift in Sources */ = {isa = PBXBuildFile; fileRef = AFB7BDB14E2501AFD2D39C7C /* AddMedicineSheet.swift */; };
		7D45BDC90A91FF3A31683862 /* AddSleepSheet.swift in Sources */ = {isa = PBXBuildFile; fileRef = BF602B32A30FAC84A2A76D8C /* AddSleepSheet.swift */; };
		81ADE52FECC472DB77A051EF /* DataSeeder.swift in Sources */ = {isa = PBXBuildFile; fileRef = 0979541B8A046AFEFD15F43A /* DataSeeder.swift */; };
		9E8DFE89C0DC75219CAE18F0 /* TreatmentPlanner.swift in Sources */ = {isa = PBXBuildFile; fileRef = D3A3CCF03EDA06179F3F1125 /* TreatmentPlanner.swift */; };
		9EFF7BCD395611BBBD5A740C /* SleepDay.swift in Sources */ = {isa = PBXBuildFile; fileRef = 88A1F8A28AB9C53E27F85EC5 /* SleepDay.swift */; };
		A63D6CF341245528F3C23E5E /* Logger+Aura.swift in Sources */ = {isa = PBXBuildFile; fileRef = DDBA9AAD18E4BBBC1E0BE5D3 /* Logger+Aura.swift */; };
		AABF00000000000000000001 /* AuraApp.swift in Sources */ = {isa = PBXBuildFile; fileRef = AAF100000000000000000001 /* AuraApp.swift */; };
		AABF00000000000000000002 /* ContentView.swift in Sources */ = {isa = PBXBuildFile; fileRef = AAF100000000000000000002 /* ContentView.swift */; };
		AABF00000000000000000003 /* Assets.xcassets in Resources */ = {isa = PBXBuildFile; fileRef = AAF100000000000000000003 /* Assets.xcassets */; };
		AABF00000000000000000004 /* Preview Assets.xcassets in Resources */ = {isa = PBXBuildFile; fileRef = AAF100000000000000000004 /* Preview Assets.xcassets */; };
		AABF00000000000000000006 /* AuraUITests.swift in Sources */ = {isa = PBXBuildFile; fileRef = AAF100000000000000000008 /* AuraUITests.swift */; };
		AABF00000000000000000007 /* AuraUITestsLaunchTests.swift in Sources */ = {isa = PBXBuildFile; fileRef = AAF100000000000000000009 /* AuraUITestsLaunchTests.swift */; };
		AABF00000000000000000008 /* FeelingType.swift in Sources */ = {isa = PBXBuildFile; fileRef = AAF10000000000000000000B /* FeelingType.swift */; };
		AABF00000000000000000009 /* TriggerType.swift in Sources */ = {isa = PBXBuildFile; fileRef = AAF10000000000000000000C /* TriggerType.swift */; };
		AABF0000000000000000000A /* SymptomType.swift in Sources */ = {isa = PBXBuildFile; fileRef = AAF10000000000000000000D /* SymptomType.swift */; };
		AABF0000000000000000000B /* Medicine.swift in Sources */ = {isa = PBXBuildFile; fileRef = AAF10000000000000000000E /* Medicine.swift */; };
		AABF0000000000000000000C /* FoodItem.swift in Sources */ = {isa = PBXBuildFile; fileRef = AAF10000000000000000000F /* FoodItem.swift */; };
		AABF0000000000000000000D /* ActivityType.swift in Sources */ = {isa = PBXBuildFile; fileRef = AAF100000000000000000010 /* ActivityType.swift */; };
		AABF0000000000000000000E /* TellingSignType.swift in Sources */ = {isa = PBXBuildFile; fileRef = AAF100000000000000000011 /* TellingSignType.swift */; };
		AABF0000000000000000000F /* ReliefMethodType.swift in Sources */ = {isa = PBXBuildFile; fileRef = AAF100000000000000000012 /* ReliefMethodType.swift */; };
		AABF00000000000000000010 /* SleepEntry.swift in Sources */ = {isa = PBXBuildFile; fileRef = AAF100000000000000000013 /* SleepEntry.swift */; };
		AABF00000000000000000011 /* FeelingEntry.swift in Sources */ = {isa = PBXBuildFile; fileRef = AAF100000000000000000014 /* FeelingEntry.swift */; };
		AABF00000000000000000012 /* MedicineLog.swift in Sources */ = {isa = PBXBuildFile; fileRef = AAF100000000000000000015 /* MedicineLog.swift */; };
		AABF00000000000000000013 /* ActivityEntry.swift in Sources */ = {isa = PBXBuildFile; fileRef = AAF100000000000000000016 /* ActivityEntry.swift */; };
		AABF00000000000000000014 /* MealEntry.swift in Sources */ = {isa = PBXBuildFile; fileRef = AAF100000000000000000017 /* MealEntry.swift */; };
		AABF00000000000000000015 /* TriggerEntry.swift in Sources */ = {isa = PBXBuildFile; fileRef = AAF100000000000000000018 /* TriggerEntry.swift */; };
		AABF00000000000000000016 /* SymptomEntry.swift in Sources */ = {isa = PBXBuildFile; fileRef = AAF100000000000000000019 /* SymptomEntry.swift */; };
		AABF00000000000000000017 /* HeadacheEntry.swift in Sources */ = {isa = PBXBuildFile; fileRef = AAF10000000000000000001A /* HeadacheEntry.swift */; };
		AABF00000000000000000018 /* HeadacheSymptomLog.swift in Sources */ = {isa = PBXBuildFile; fileRef = AAF10000000000000000001B /* HeadacheSymptomLog.swift */; };
		AABF00000000000000000019 /* HeadacheMedicineLog.swift in Sources */ = {isa = PBXBuildFile; fileRef = AAF10000000000000000001C /* HeadacheMedicineLog.swift */; };
		AABF0000000000000000001A /* HeadacheReliefLog.swift in Sources */ = {isa = PBXBuildFile; fileRef = AAF10000000000000000001D /* HeadacheReliefLog.swift */; };
		AABF0000000000000000001B /* HeadachePainLog.swift in Sources */ = {isa = PBXBuildFile; fileRef = AAF10000000000000000001E /* HeadachePainLog.swift */; };
		ABD6E62B602FF67BDD1249B7 /* TreatmentSchedule.swift in Sources */ = {isa = PBXBuildFile; fileRef = 5A02326F986F19F51878834C /* TreatmentSchedule.swift */; };
		B2F73CCF2B60936B4906639D /* CatalogItem.swift in Sources */ = {isa = PBXBuildFile; fileRef = F7B3DC13223BD3B6C4F81DA7 /* CatalogItem.swift */; };
		B9106A07BB448C96DD0A741C /* MedicationProgressTests.swift in Sources */ = {isa = PBXBuildFile; fileRef = 618F69739D3C5866615C686C /* MedicationProgressTests.swift */; };
		C63E66FB4FA3B65E8382EFB8 /* MedicationProgress.swift in Sources */ = {isa = PBXBuildFile; fileRef = B01F310FFA40D161BA2F3855 /* MedicationProgress.swift */; };
		C76878C439ADDE60A0B0CA90 /* DataSeederTests.swift in Sources */ = {isa = PBXBuildFile; fileRef = 83A052A4A7486FD0C6FDDD50 /* DataSeederTests.swift */; };
		D410BC12F11CF31129E1F1AF /* CatalogDefaultValueTests.swift in Sources */ = {isa = PBXBuildFile; fileRef = 8A63E46618A8E6E87F1F0152 /* CatalogDefaultValueTests.swift */; };
		D44C3BD5B4A2BFC1171C285D /* MedicationSectionView.swift in Sources */ = {isa = PBXBuildFile; fileRef = F8E2081A7CCB0CC5ECEC8215 /* MedicationSectionView.swift */; };
		E314751C337E74DDD7063771 /* CatalogNullifyTests.swift in Sources */ = {isa = PBXBuildFile; fileRef = D271140C9CBCABAD481DA097 /* CatalogNullifyTests.swift */; };
		E8D0ADB7493018B1EE2234F4 /* AuraModelContainer.swift in Sources */ = {isa = PBXBuildFile; fileRef = 6BB095CF4055CCFE47B1274D /* AuraModelContainer.swift */; };
		EBF799B4FF6B4BD44C5840D0 /* SleepDayTests.swift in Sources */ = {isa = PBXBuildFile; fileRef = 389D1493F0FACC87471081CB /* SleepDayTests.swift */; };
		F07CF5C8EF2616131C49B568 /* MedicineCatalogSheet.swift in Sources */ = {isa = PBXBuildFile; fileRef = 746126017DC06D37BEF4A76C /* MedicineCatalogSheet.swift */; };
		FD007E70938AD774B0125AEE /* TreatmentScheduleModelTests.swift in Sources */ = {isa = PBXBuildFile; fileRef = A0F671999A8B889682E81F09 /* TreatmentScheduleModelTests.swift */; };
/* End PBXBuildFile section */

/* Begin PBXContainerItemProxy section */
		AAC100000000000000000001 /* PBXContainerItemProxy */ = {
			isa = PBXContainerItemProxy;
			containerPortal = AAA300000000000000000001 /* Project object */;
			proxyType = 1;
			remoteGlobalIDString = AAA200000000000000000001;
			remoteInfo = Aura;
		};
		AAC100000000000000000002 /* PBXContainerItemProxy */ = {
			isa = PBXContainerItemProxy;
			containerPortal = AAA300000000000000000001 /* Project object */;
			proxyType = 1;
			remoteGlobalIDString = AAA200000000000000000001;
			remoteInfo = Aura;
		};
/* End PBXContainerItemProxy section */

/* Begin PBXFileReference section */
		0979541B8A046AFEFD15F43A /* DataSeeder.swift */ = {isa = PBXFileReference; includeInIndex = 1; lastKnownFileType = sourcecode.swift; path = DataSeeder.swift; sourceTree = "<group>"; };
		26F8BED80984FE3014FA5D3A /* TreatmentScheduleSheet.swift */ = {isa = PBXFileReference; includeInIndex = 1; lastKnownFileType = sourcecode.swift; path = TreatmentScheduleSheet.swift; sourceTree = "<group>"; };
		389D1493F0FACC87471081CB /* SleepDayTests.swift */ = {isa = PBXFileReference; includeInIndex = 1; lastKnownFileType = sourcecode.swift; path = SleepDayTests.swift; sourceTree = "<group>"; };
		52B1B21B298739B552F8F295 /* SleepSectionView.swift */ = {isa = PBXFileReference; includeInIndex = 1; lastKnownFileType = sourcecode.swift; path = SleepSectionView.swift; sourceTree = "<group>"; };
		5A02326F986F19F51878834C /* TreatmentSchedule.swift */ = {isa = PBXFileReference; includeInIndex = 1; lastKnownFileType = sourcecode.swift; path = TreatmentSchedule.swift; sourceTree = "<group>"; };
		5AD109367CBFD01653957163 /* ManyToManyRelationshipTests.swift */ = {isa = PBXFileReference; includeInIndex = 1; lastKnownFileType = sourcecode.swift; path = ManyToManyRelationshipTests.swift; sourceTree = "<group>"; };
		618F69739D3C5866615C686C /* MedicationProgressTests.swift */ = {isa = PBXFileReference; includeInIndex = 1; lastKnownFileType = sourcecode.swift; path = MedicationProgressTests.swift; sourceTree = "<group>"; };
		6BB095CF4055CCFE47B1274D /* AuraModelContainer.swift */ = {isa = PBXFileReference; includeInIndex = 1; lastKnownFileType = sourcecode.swift; path = AuraModelContainer.swift; sourceTree = "<group>"; };
		746126017DC06D37BEF4A76C /* MedicineCatalogSheet.swift */ = {isa = PBXFileReference; includeInIndex = 1; lastKnownFileType = sourcecode.swift; path = MedicineCatalogSheet.swift; sourceTree = "<group>"; };
		81FBD0448ADEBA60CB2AE974 /* TreatmentPlannerTests.swift */ = {isa = PBXFileReference; includeInIndex = 1; lastKnownFileType = sourcecode.swift; path = TreatmentPlannerTests.swift; sourceTree = "<group>"; };
		83A052A4A7486FD0C6FDDD50 /* DataSeederTests.swift */ = {isa = PBXFileReference; includeInIndex = 1; lastKnownFileType = sourcecode.swift; path = DataSeederTests.swift; sourceTree = "<group>"; };
		88A1F8A28AB9C53E27F85EC5 /* SleepDay.swift */ = {isa = PBXFileReference; includeInIndex = 1; lastKnownFileType = sourcecode.swift; path = SleepDay.swift; sourceTree = "<group>"; };
		8A63E46618A8E6E87F1F0152 /* CatalogDefaultValueTests.swift */ = {isa = PBXFileReference; includeInIndex = 1; lastKnownFileType = sourcecode.swift; path = CatalogDefaultValueTests.swift; sourceTree = "<group>"; };
		A0F671999A8B889682E81F09 /* TreatmentScheduleModelTests.swift */ = {isa = PBXFileReference; includeInIndex = 1; lastKnownFileType = sourcecode.swift; path = TreatmentScheduleModelTests.swift; sourceTree = "<group>"; };
		AAF100000000000000000001 /* AuraApp.swift */ = {isa = PBXFileReference; lastKnownFileType = sourcecode.swift; path = AuraApp.swift; sourceTree = "<group>"; };
		AAF100000000000000000002 /* ContentView.swift */ = {isa = PBXFileReference; lastKnownFileType = sourcecode.swift; path = ContentView.swift; sourceTree = "<group>"; };
		AAF100000000000000000003 /* Assets.xcassets */ = {isa = PBXFileReference; lastKnownFileType = folder.assetcatalog; path = Assets.xcassets; sourceTree = "<group>"; };
		AAF100000000000000000004 /* Preview Assets.xcassets */ = {isa = PBXFileReference; lastKnownFileType = folder.assetcatalog; path = "Preview Assets.xcassets"; sourceTree = "<group>"; };
		AAF100000000000000000005 /* Aura.app */ = {isa = PBXFileReference; explicitFileType = wrapper.application; includeInIndex = 0; path = Aura.app; sourceTree = BUILT_PRODUCTS_DIR; };
		AAF100000000000000000007 /* AuraTests.xctest */ = {isa = PBXFileReference; explicitFileType = wrapper.cfbundle; includeInIndex = 0; path = AuraTests.xctest; sourceTree = BUILT_PRODUCTS_DIR; };
		AAF100000000000000000008 /* AuraUITests.swift */ = {isa = PBXFileReference; lastKnownFileType = sourcecode.swift; path = AuraUITests.swift; sourceTree = "<group>"; };
		AAF100000000000000000009 /* AuraUITestsLaunchTests.swift */ = {isa = PBXFileReference; lastKnownFileType = sourcecode.swift; path = AuraUITestsLaunchTests.swift; sourceTree = "<group>"; };
		AAF10000000000000000000A /* AuraUITests.xctest */ = {isa = PBXFileReference; explicitFileType = wrapper.cfbundle; includeInIndex = 0; path = AuraUITests.xctest; sourceTree = BUILT_PRODUCTS_DIR; };
		AAF10000000000000000000B /* FeelingType.swift */ = {isa = PBXFileReference; lastKnownFileType = sourcecode.swift; path = FeelingType.swift; sourceTree = "<group>"; };
		AAF10000000000000000000C /* TriggerType.swift */ = {isa = PBXFileReference; lastKnownFileType = sourcecode.swift; path = TriggerType.swift; sourceTree = "<group>"; };
		AAF10000000000000000000D /* SymptomType.swift */ = {isa = PBXFileReference; lastKnownFileType = sourcecode.swift; path = SymptomType.swift; sourceTree = "<group>"; };
		AAF10000000000000000000E /* Medicine.swift */ = {isa = PBXFileReference; lastKnownFileType = sourcecode.swift; path = Medicine.swift; sourceTree = "<group>"; };
		AAF10000000000000000000F /* FoodItem.swift */ = {isa = PBXFileReference; lastKnownFileType = sourcecode.swift; path = FoodItem.swift; sourceTree = "<group>"; };
		AAF100000000000000000010 /* ActivityType.swift */ = {isa = PBXFileReference; lastKnownFileType = sourcecode.swift; path = ActivityType.swift; sourceTree = "<group>"; };
		AAF100000000000000000011 /* TellingSignType.swift */ = {isa = PBXFileReference; lastKnownFileType = sourcecode.swift; path = TellingSignType.swift; sourceTree = "<group>"; };
		AAF100000000000000000012 /* ReliefMethodType.swift */ = {isa = PBXFileReference; lastKnownFileType = sourcecode.swift; path = ReliefMethodType.swift; sourceTree = "<group>"; };
		AAF100000000000000000013 /* SleepEntry.swift */ = {isa = PBXFileReference; lastKnownFileType = sourcecode.swift; path = SleepEntry.swift; sourceTree = "<group>"; };
		AAF100000000000000000014 /* FeelingEntry.swift */ = {isa = PBXFileReference; lastKnownFileType = sourcecode.swift; path = FeelingEntry.swift; sourceTree = "<group>"; };
		AAF100000000000000000015 /* MedicineLog.swift */ = {isa = PBXFileReference; lastKnownFileType = sourcecode.swift; path = MedicineLog.swift; sourceTree = "<group>"; };
		AAF100000000000000000016 /* ActivityEntry.swift */ = {isa = PBXFileReference; lastKnownFileType = sourcecode.swift; path = ActivityEntry.swift; sourceTree = "<group>"; };
		AAF100000000000000000017 /* MealEntry.swift */ = {isa = PBXFileReference; lastKnownFileType = sourcecode.swift; path = MealEntry.swift; sourceTree = "<group>"; };
		AAF100000000000000000018 /* TriggerEntry.swift */ = {isa = PBXFileReference; lastKnownFileType = sourcecode.swift; path = TriggerEntry.swift; sourceTree = "<group>"; };
		AAF100000000000000000019 /* SymptomEntry.swift */ = {isa = PBXFileReference; lastKnownFileType = sourcecode.swift; path = SymptomEntry.swift; sourceTree = "<group>"; };
		AAF10000000000000000001A /* HeadacheEntry.swift */ = {isa = PBXFileReference; lastKnownFileType = sourcecode.swift; path = HeadacheEntry.swift; sourceTree = "<group>"; };
		AAF10000000000000000001B /* HeadacheSymptomLog.swift */ = {isa = PBXFileReference; lastKnownFileType = sourcecode.swift; path = HeadacheSymptomLog.swift; sourceTree = "<group>"; };
		AAF10000000000000000001C /* HeadacheMedicineLog.swift */ = {isa = PBXFileReference; lastKnownFileType = sourcecode.swift; path = HeadacheMedicineLog.swift; sourceTree = "<group>"; };
		AAF10000000000000000001D /* HeadacheReliefLog.swift */ = {isa = PBXFileReference; lastKnownFileType = sourcecode.swift; path = HeadacheReliefLog.swift; sourceTree = "<group>"; };
		AAF10000000000000000001E /* HeadachePainLog.swift */ = {isa = PBXFileReference; lastKnownFileType = sourcecode.swift; path = HeadachePainLog.swift; sourceTree = "<group>"; };
		AFB7BDB14E2501AFD2D39C7C /* AddMedicineSheet.swift */ = {isa = PBXFileReference; includeInIndex = 1; lastKnownFileType = sourcecode.swift; path = AddMedicineSheet.swift; sourceTree = "<group>"; };
		B01F310FFA40D161BA2F3855 /* MedicationProgress.swift */ = {isa = PBXFileReference; includeInIndex = 1; lastKnownFileType = sourcecode.swift; path = MedicationProgress.swift; sourceTree = "<group>"; };
		B50E74ADA9CF9F97C45AAA05 /* TestHelpers.swift */ = {isa = PBXFileReference; includeInIndex = 1; lastKnownFileType = sourcecode.swift; path = TestHelpers.swift; sourceTree = "<group>"; };
		BC387A1F37B9A3EC6F2CE0A5 /* AuraSchema.swift */ = {isa = PBXFileReference; includeInIndex = 1; lastKnownFileType = sourcecode.swift; path = AuraSchema.swift; sourceTree = "<group>"; };
		BF602B32A30FAC84A2A76D8C /* AddSleepSheet.swift */ = {isa = PBXFileReference; includeInIndex = 1; lastKnownFileType = sourcecode.swift; path = AddSleepSheet.swift; sourceTree = "<group>"; };
		D271140C9CBCABAD481DA097 /* CatalogNullifyTests.swift */ = {isa = PBXFileReference; includeInIndex = 1; lastKnownFileType = sourcecode.swift; path = CatalogNullifyTests.swift; sourceTree = "<group>"; };
		D3A3CCF03EDA06179F3F1125 /* TreatmentPlanner.swift */ = {isa = PBXFileReference; includeInIndex = 1; lastKnownFileType = sourcecode.swift; path = TreatmentPlanner.swift; sourceTree = "<group>"; };
		DDBA9AAD18E4BBBC1E0BE5D3 /* Logger+Aura.swift */ = {isa = PBXFileReference; includeInIndex = 1; lastKnownFileType = sourcecode.swift; path = "Logger+Aura.swift"; sourceTree = "<group>"; };
		E9DA4DF039384FBC132DCB2C /* HeadacheCascadeDeleteTests.swift */ = {isa = PBXFileReference; includeInIndex = 1; lastKnownFileType = sourcecode.swift; path = HeadacheCascadeDeleteTests.swift; sourceTree = "<group>"; };
		F7B3DC13223BD3B6C4F81DA7 /* CatalogItem.swift */ = {isa = PBXFileReference; includeInIndex = 1; lastKnownFileType = sourcecode.swift; path = CatalogItem.swift; sourceTree = "<group>"; };
		F8E2081A7CCB0CC5ECEC8215 /* MedicationSectionView.swift */ = {isa = PBXFileReference; includeInIndex = 1; lastKnownFileType = sourcecode.swift; path = MedicationSectionView.swift; sourceTree = "<group>"; };
/* End PBXFileReference section */

/* Begin PBXFrameworksBuildPhase section */
		AAFB00000000000000000001 /* Frameworks */ = {
			isa = PBXFrameworksBuildPhase;
			buildActionMask = 2147483647;
			files = (
			);
			runOnlyForDeploymentPostprocessing = 0;
		};
		AAFB00000000000000000002 /* Frameworks */ = {
			isa = PBXFrameworksBuildPhase;
			buildActionMask = 2147483647;
			files = (
			);
			runOnlyForDeploymentPostprocessing = 0;
		};
		AAFB00000000000000000003 /* Frameworks */ = {
			isa = PBXFrameworksBuildPhase;
			buildActionMask = 2147483647;
			files = (
			);
			runOnlyForDeploymentPostprocessing = 0;
		};
/* End PBXFrameworksBuildPhase section */

/* Begin PBXGroup section */
		D0A1B2C3D4E5F60718293A4B /* Domain */ = {
			isa = PBXGroup;
			children = (
				88A1F8A28AB9C53E27F85EC5 /* SleepDay.swift */,
				B01F310FFA40D161BA2F3855 /* MedicationProgress.swift */,
				D3A3CCF03EDA06179F3F1125 /* TreatmentPlanner.swift */,
			);
			path = Domain;
			sourceTree = "<group>";
		};
		2E2BF7BC3936FEF40B133747 /* Support */ = {
			isa = PBXGroup;
			children = (
				DDBA9AAD18E4BBBC1E0BE5D3 /* Logger+Aura.swift */,
			);
			path = Support;
			sourceTree = "<group>";
		};
		337A814BCF3A9D291B88F412 /* Seeding */ = {
			isa = PBXGroup;
			children = (
				0979541B8A046AFEFD15F43A /* DataSeeder.swift */,
			);
			path = Seeding;
			sourceTree = "<group>";
		};
		44C1FB480BCEA55085194B2B /* Treatment */ = {
			isa = PBXGroup;
			children = (
				5A02326F986F19F51878834C /* TreatmentSchedule.swift */,
			);
			path = Treatment;
			sourceTree = "<group>";
		};
		7A275F37EF636D9712EB86C0 /* Views */ = {
			isa = PBXGroup;
			children = (
				90AAF875F6609BED7EF51D8B /* Medication */,
				DA6CDACDCD6453E0768663DC /* Sleep */,
			);
			path = Views;
			sourceTree = "<group>";
		};
		90AAF875F6609BED7EF51D8B /* Medication */ = {
			isa = PBXGroup;
			children = (
				AFB7BDB14E2501AFD2D39C7C /* AddMedicineSheet.swift */,
				26F8BED80984FE3014FA5D3A /* TreatmentScheduleSheet.swift */,
				746126017DC06D37BEF4A76C /* MedicineCatalogSheet.swift */,
				F8E2081A7CCB0CC5ECEC8215 /* MedicationSectionView.swift */,
			);
			path = Medication;
			sourceTree = "<group>";
		};
		AAA100000000000000000001 = {
			isa = PBXGroup;
			children = (
				AAA100000000000000000002 /* Aura */,
				AAA100000000000000000004 /* AuraTests */,
				AAA100000000000000000005 /* AuraUITests */,
				AAA100000000000000000006 /* Products */,
			);
			sourceTree = "<group>";
		};
		AAA100000000000000000002 /* Aura */ = {
			isa = PBXGroup;
			children = (
				AAF100000000000000000001 /* AuraApp.swift */,
				AAF100000000000000000002 /* ContentView.swift */,
				AAF100000000000000000003 /* Assets.xcassets */,
				AAA100000000000000000003 /* Preview Content */,
				AAA100000000000000000007 /* Models */,
				7A275F37EF636D9712EB86C0 /* Views */,
				337A814BCF3A9D291B88F412 /* Seeding */,
				6BB095CF4055CCFE47B1274D /* AuraModelContainer.swift */,
				2E2BF7BC3936FEF40B133747 /* Support */,
				D0A1B2C3D4E5F60718293A4B /* Domain */,
				BC387A1F37B9A3EC6F2CE0A5 /* AuraSchema.swift */,
			);
			path = Aura;
			sourceTree = "<group>";
		};
		AAA100000000000000000003 /* Preview Content */ = {
			isa = PBXGroup;
			children = (
				AAF100000000000000000004 /* Preview Assets.xcassets */,
			);
			path = "Preview Content";
			sourceTree = "<group>";
		};
		AAA100000000000000000004 /* AuraTests */ = {
			isa = PBXGroup;
			children = (
				B50E74ADA9CF9F97C45AAA05 /* TestHelpers.swift */,
				E9DA4DF039384FBC132DCB2C /* HeadacheCascadeDeleteTests.swift */,
				D271140C9CBCABAD481DA097 /* CatalogNullifyTests.swift */,
				5AD109367CBFD01653957163 /* ManyToManyRelationshipTests.swift */,
				8A63E46618A8E6E87F1F0152 /* CatalogDefaultValueTests.swift */,
				A0F671999A8B889682E81F09 /* TreatmentScheduleModelTests.swift */,
				83A052A4A7486FD0C6FDDD50 /* DataSeederTests.swift */,
				389D1493F0FACC87471081CB /* SleepDayTests.swift */,
				618F69739D3C5866615C686C /* MedicationProgressTests.swift */,
				81FBD0448ADEBA60CB2AE974 /* TreatmentPlannerTests.swift */,
			);
			path = AuraTests;
			sourceTree = "<group>";
		};
		AAA100000000000000000005 /* AuraUITests */ = {
			isa = PBXGroup;
			children = (
				AAF100000000000000000008 /* AuraUITests.swift */,
				AAF100000000000000000009 /* AuraUITestsLaunchTests.swift */,
			);
			path = AuraUITests;
			sourceTree = "<group>";
		};
		AAA100000000000000000006 /* Products */ = {
			isa = PBXGroup;
			children = (
				AAF100000000000000000005 /* Aura.app */,
				AAF100000000000000000007 /* AuraTests.xctest */,
				AAF10000000000000000000A /* AuraUITests.xctest */,
			);
			name = Products;
			sourceTree = "<group>";
		};
		AAA100000000000000000007 /* Models */ = {
			isa = PBXGroup;
			children = (
				AAA100000000000000000008 /* Catalog */,
				AAA100000000000000000009 /* Log */,
				AAA10000000000000000000A /* Headache */,
				44C1FB480BCEA55085194B2B /* Treatment */,
				F7B3DC13223BD3B6C4F81DA7 /* CatalogItem.swift */,
			);
			path = Models;
			sourceTree = "<group>";
		};
		AAA100000000000000000008 /* Catalog */ = {
			isa = PBXGroup;
			children = (
				AAF10000000000000000000B /* FeelingType.swift */,
				AAF10000000000000000000C /* TriggerType.swift */,
				AAF10000000000000000000D /* SymptomType.swift */,
				AAF10000000000000000000E /* Medicine.swift */,
				AAF10000000000000000000F /* FoodItem.swift */,
				AAF100000000000000000010 /* ActivityType.swift */,
				AAF100000000000000000011 /* TellingSignType.swift */,
				AAF100000000000000000012 /* ReliefMethodType.swift */,
			);
			path = Catalog;
			sourceTree = "<group>";
		};
		AAA100000000000000000009 /* Log */ = {
			isa = PBXGroup;
			children = (
				AAF100000000000000000013 /* SleepEntry.swift */,
				AAF100000000000000000014 /* FeelingEntry.swift */,
				AAF100000000000000000015 /* MedicineLog.swift */,
				AAF100000000000000000016 /* ActivityEntry.swift */,
				AAF100000000000000000017 /* MealEntry.swift */,
				AAF100000000000000000018 /* TriggerEntry.swift */,
				AAF100000000000000000019 /* SymptomEntry.swift */,
			);
			path = Log;
			sourceTree = "<group>";
		};
		AAA10000000000000000000A /* Headache */ = {
			isa = PBXGroup;
			children = (
				AAF10000000000000000001A /* HeadacheEntry.swift */,
				AAF10000000000000000001B /* HeadacheSymptomLog.swift */,
				AAF10000000000000000001C /* HeadacheMedicineLog.swift */,
				AAF10000000000000000001D /* HeadacheReliefLog.swift */,
				AAF10000000000000000001E /* HeadachePainLog.swift */,
			);
			path = Headache;
			sourceTree = "<group>";
		};
		DA6CDACDCD6453E0768663DC /* Sleep */ = {
			isa = PBXGroup;
			children = (
				BF602B32A30FAC84A2A76D8C /* AddSleepSheet.swift */,
				52B1B21B298739B552F8F295 /* SleepSectionView.swift */,
			);
			path = Sleep;
			sourceTree = "<group>";
		};
/* End PBXGroup section */

/* Begin PBXNativeTarget section */
		AAA200000000000000000001 /* Aura */ = {
			isa = PBXNativeTarget;
			buildConfigurationList = AACF00000000000000000002 /* Build configuration list for PBXNativeTarget "Aura" */;
			buildPhases = (
				AAD100000000000000000001 /* Sources */,
				AAFB00000000000000000001 /* Frameworks */,
				AAC200000000000000000001 /* Resources */,
			);
			buildRules = (
			);
			dependencies = (
			);
			name = Aura;
			productName = Aura;
			productReference = AAF100000000000000000005 /* Aura.app */;
			productType = "com.apple.product-type.application";
		};
		AAA200000000000000000002 /* AuraTests */ = {
			isa = PBXNativeTarget;
			buildConfigurationList = AACF00000000000000000003 /* Build configuration list for PBXNativeTarget "AuraTests" */;
			buildPhases = (
				AAD100000000000000000002 /* Sources */,
				AAFB00000000000000000002 /* Frameworks */,
			);
			buildRules = (
			);
			dependencies = (
				AAE100000000000000000001 /* PBXTargetDependency */,
			);
			name = AuraTests;
			productName = AuraTests;
			productReference = AAF100000000000000000007 /* AuraTests.xctest */;
			productType = "com.apple.product-type.bundle.unit-test";
		};
		AAA200000000000000000003 /* AuraUITests */ = {
			isa = PBXNativeTarget;
			buildConfigurationList = AACF00000000000000000004 /* Build configuration list for PBXNativeTarget "AuraUITests" */;
			buildPhases = (
				AAD100000000000000000003 /* Sources */,
				AAFB00000000000000000003 /* Frameworks */,
			);
			buildRules = (
			);
			dependencies = (
				AAE100000000000000000002 /* PBXTargetDependency */,
			);
			name = AuraUITests;
			productName = AuraUITests;
			productReference = AAF10000000000000000000A /* AuraUITests.xctest */;
			productType = "com.apple.product-type.bundle.ui-testing";
		};
/* End PBXNativeTarget section */

/* Begin PBXProject section */
		AAA300000000000000000001 /* Project object */ = {
			isa = PBXProject;
			attributes = {
				BuildIndependentTargetsInParallel = 1;
				LastSwiftUpdateCheck = 1500;
				LastUpgradeCheck = 2640;
				TargetAttributes = {
					AAA200000000000000000001 = {
						CreatedOnToolsVersion = 15.0;
					};
					AAA200000000000000000002 = {
						CreatedOnToolsVersion = 15.0;
						TestTargetID = AAA200000000000000000001;
					};
					AAA200000000000000000003 = {
						CreatedOnToolsVersion = 15.0;
						TestTargetID = AAA200000000000000000001;
					};
				};
			};
			buildConfigurationList = AACF00000000000000000001 /* Build configuration list for PBXProject "Aura" */;
			compatibilityVersion = "Xcode 14.0";
			developmentRegion = en;
			hasScannedForEncodings = 0;
			knownRegions = (
				en,
				Base,
			);
			mainGroup = AAA100000000000000000001;
			productRefGroup = AAA100000000000000000006 /* Products */;
			projectDirPath = "";
			projectRoot = "";
			targets = (
				AAA200000000000000000001 /* Aura */,
				AAA200000000000000000002 /* AuraTests */,
				AAA200000000000000000003 /* AuraUITests */,
			);
		};
/* End PBXProject section */

/* Begin PBXResourcesBuildPhase section */
		AAC200000000000000000001 /* Resources */ = {
			isa = PBXResourcesBuildPhase;
			buildActionMask = 2147483647;
			files = (
				AABF00000000000000000004 /* Preview Assets.xcassets in Resources */,
				AABF00000000000000000003 /* Assets.xcassets in Resources */,
			);
			runOnlyForDeploymentPostprocessing = 0;
		};
/* End PBXResourcesBuildPhase section */

/* Begin PBXSourcesBuildPhase section */
		AAD100000000000000000001 /* Sources */ = {
			isa = PBXSourcesBuildPhase;
			buildActionMask = 2147483647;
			files = (
				AABF00000000000000000002 /* ContentView.swift in Sources */,
				AABF00000000000000000001 /* AuraApp.swift in Sources */,
				AABF00000000000000000008 /* FeelingType.swift in Sources */,
				AABF00000000000000000009 /* TriggerType.swift in Sources */,
				AABF0000000000000000000A /* SymptomType.swift in Sources */,
				AABF0000000000000000000B /* Medicine.swift in Sources */,
				AABF0000000000000000000C /* FoodItem.swift in Sources */,
				AABF0000000000000000000D /* ActivityType.swift in Sources */,
				AABF0000000000000000000E /* TellingSignType.swift in Sources */,
				AABF0000000000000000000F /* ReliefMethodType.swift in Sources */,
				AABF00000000000000000010 /* SleepEntry.swift in Sources */,
				AABF00000000000000000011 /* FeelingEntry.swift in Sources */,
				AABF00000000000000000012 /* MedicineLog.swift in Sources */,
				AABF00000000000000000013 /* ActivityEntry.swift in Sources */,
				AABF00000000000000000014 /* MealEntry.swift in Sources */,
				AABF00000000000000000015 /* TriggerEntry.swift in Sources */,
				AABF00000000000000000016 /* SymptomEntry.swift in Sources */,
				AABF00000000000000000017 /* HeadacheEntry.swift in Sources */,
				AABF00000000000000000018 /* HeadacheSymptomLog.swift in Sources */,
				AABF00000000000000000019 /* HeadacheMedicineLog.swift in Sources */,
				AABF0000000000000000001A /* HeadacheReliefLog.swift in Sources */,
				AABF0000000000000000001B /* HeadachePainLog.swift in Sources */,
				ABD6E62B602FF67BDD1249B7 /* TreatmentSchedule.swift in Sources */,
				790426631461258E9C618172 /* AddMedicineSheet.swift in Sources */,
				3D1C6A60FFC386DD59E999FB /* TreatmentScheduleSheet.swift in Sources */,
				F07CF5C8EF2616131C49B568 /* MedicineCatalogSheet.swift in Sources */,
				D44C3BD5B4A2BFC1171C285D /* MedicationSectionView.swift in Sources */,
				81ADE52FECC472DB77A051EF /* DataSeeder.swift in Sources */,
				7D45BDC90A91FF3A31683862 /* AddSleepSheet.swift in Sources */,
				42D5BE69493DF3672A66DE11 /* SleepSectionView.swift in Sources */,
				E8D0ADB7493018B1EE2234F4 /* AuraModelContainer.swift in Sources */,
				9EFF7BCD395611BBBD5A740C /* SleepDay.swift in Sources */,
				C63E66FB4FA3B65E8382EFB8 /* MedicationProgress.swift in Sources */,
				9E8DFE89C0DC75219CAE18F0 /* TreatmentPlanner.swift in Sources */,
				A63D6CF341245528F3C23E5E /* Logger+Aura.swift in Sources */,
				1560B2B58CC034D6C2C2C1B5 /* AuraSchema.swift in Sources */,
				B2F73CCF2B60936B4906639D /* CatalogItem.swift in Sources */,
			);
			runOnlyForDeploymentPostprocessing = 0;
		};
		AAD100000000000000000002 /* Sources */ = {
			isa = PBXSourcesBuildPhase;
			buildActionMask = 2147483647;
			files = (
				4D16EFB883043A2D5972897B /* TestHelpers.swift in Sources */,
				288758D891D018800E421E79 /* HeadacheCascadeDeleteTests.swift in Sources */,
				E314751C337E74DDD7063771 /* CatalogNullifyTests.swift in Sources */,
				15AEEF60DAFB7B0DC11067F7 /* ManyToManyRelationshipTests.swift in Sources */,
				D410BC12F11CF31129E1F1AF /* CatalogDefaultValueTests.swift in Sources */,
				FD007E70938AD774B0125AEE /* TreatmentScheduleModelTests.swift in Sources */,
				C76878C439ADDE60A0B0CA90 /* DataSeederTests.swift in Sources */,
				EBF799B4FF6B4BD44C5840D0 /* SleepDayTests.swift in Sources */,
				B9106A07BB448C96DD0A741C /* MedicationProgressTests.swift in Sources */,
				6B2BECA46930D4B386D20592 /* TreatmentPlannerTests.swift in Sources */,
			);
			runOnlyForDeploymentPostprocessing = 0;
		};
		AAD100000000000000000003 /* Sources */ = {
			isa = PBXSourcesBuildPhase;
			buildActionMask = 2147483647;
			files = (
				AABF00000000000000000006 /* AuraUITests.swift in Sources */,
				AABF00000000000000000007 /* AuraUITestsLaunchTests.swift in Sources */,
			);
			runOnlyForDeploymentPostprocessing = 0;
		};
/* End PBXSourcesBuildPhase section */

/* Begin PBXTargetDependency section */
		AAE100000000000000000001 /* PBXTargetDependency */ = {
			isa = PBXTargetDependency;
			target = AAA200000000000000000001 /* Aura */;
			targetProxy = AAC100000000000000000001 /* PBXContainerItemProxy */;
		};
		AAE100000000000000000002 /* PBXTargetDependency */ = {
			isa = PBXTargetDependency;
			target = AAA200000000000000000001 /* Aura */;
			targetProxy = AAC100000000000000000002 /* PBXContainerItemProxy */;
		};
/* End PBXTargetDependency section */

/* Begin XCBuildConfiguration section */
		AABC00000000000000000001 /* Debug */ = {
			isa = XCBuildConfiguration;
			buildSettings = {
				ALWAYS_SEARCH_USER_PATHS = NO;
				ASSETCATALOG_COMPILER_GENERATE_SWIFT_ASSET_SYMBOL_EXTENSIONS = YES;
				CLANG_ANALYZER_NONNULL = YES;
				CLANG_ANALYZER_NUMBER_OBJECT_CONVERSION = YES_AGGRESSIVE;
				CLANG_CXX_LANGUAGE_STANDARD = "gnu++17";
				CLANG_ENABLE_MODULES = YES;
				CLANG_ENABLE_OBJC_ARC = YES;
				CLANG_ENABLE_OBJC_WEAK = YES;
				CLANG_WARN_BLOCK_CAPTURE_AUTORELEASING = YES;
				CLANG_WARN_BOOL_CONVERSION = YES;
				CLANG_WARN_COMMA = YES;
				CLANG_WARN_CONSTANT_CONVERSION = YES;
				CLANG_WARN_DEPRECATED_OBJC_IMPLEMENTATIONS = YES;
				CLANG_WARN_DIRECT_OBJC_ISA_USAGE = YES_ERROR;
				CLANG_WARN_DOCUMENTATION_COMMENTS = YES;
				CLANG_WARN_EMPTY_BODY = YES;
				CLANG_WARN_ENUM_CONVERSION = YES;
				CLANG_WARN_INFINITE_RECURSION = YES;
				CLANG_WARN_INT_CONVERSION = YES;
				CLANG_WARN_NON_LITERAL_NULL_CONVERSION = YES;
				CLANG_WARN_OBJC_IMPLICIT_RETAIN_SELF = YES;
				CLANG_WARN_OBJC_LITERAL_CONVERSION = YES;
				CLANG_WARN_OBJC_ROOT_CLASS = YES_ERROR;
				CLANG_WARN_QUOTED_INCLUDE_IN_FRAMEWORK_HEADER = YES;
				CLANG_WARN_RANGE_LOOP_ANALYSIS = YES;
				CLANG_WARN_STRICT_PROTOTYPES = YES;
				CLANG_WARN_SUSPICIOUS_MOVE = YES;
				CLANG_WARN_UNGUARDED_AVAILABILITY = YES_AGGRESSIVE;
				CLANG_WARN_UNREACHABLE_CODE = YES;
				CLANG_WARN__DUPLICATE_METHOD_DECL = YES;
				CLANG_WARN__DUPLICATE_METHOD_MATCH = YES;
				COPY_PHASE_STRIP = NO;
				DEBUG_INFORMATION_FORMAT = dwarf;
				ENABLE_STRICT_OBJC_MSGSEND = YES;
				ENABLE_TESTABILITY = YES;
				ENABLE_USER_SCRIPT_SANDBOXING = YES;
				GCC_C_LANGUAGE_STANDARD = gnu11;
				GCC_DYNAMIC_NO_PIC = NO;
				GCC_NO_COMMON_BLOCKS = YES;
				GCC_OPTIMIZATION_LEVEL = 0;
				GCC_PREPROCESSOR_DEFINITIONS = (
					"DEBUG=1",
					"$(inherited)",
				);
				GCC_WARN_64_TO_32_BIT_CONVERSION = YES;
				GCC_WARN_ABOUT_RETURN_TYPE = YES_ERROR;
				GCC_WARN_UNDECLARED_SELECTOR = YES;
				GCC_WARN_UNINITIALIZED_AUTOS = YES_AGGRESSIVE;
				GCC_WARN_UNUSED_FUNCTION = YES;
				GCC_WARN_UNUSED_VARIABLE = YES;
				IPHONEOS_DEPLOYMENT_TARGET = 17.0;
				MTL_ENABLE_DEBUG_INFO = INCLUDE_SOURCE;
				MTL_FAST_MATH = YES;
				ONLY_ACTIVE_ARCH = YES;
				SDKROOT = iphoneos;
				STRING_CATALOG_GENERATE_SYMBOLS = YES;
				SWIFT_ACTIVE_COMPILATION_CONDITIONS = DEBUG;
				SWIFT_OPTIMIZATION_LEVEL = "-Onone";
			};
			name = Debug;
		};
		AABC00000000000000000002 /* Release */ = {
			isa = XCBuildConfiguration;
			buildSettings = {
				ALWAYS_SEARCH_USER_PATHS = NO;
				ASSETCATALOG_COMPILER_GENERATE_SWIFT_ASSET_SYMBOL_EXTENSIONS = YES;
				CLANG_ANALYZER_NONNULL = YES;
				CLANG_ANALYZER_NUMBER_OBJECT_CONVERSION = YES_AGGRESSIVE;
				CLANG_CXX_LANGUAGE_STANDARD = "gnu++17";
				CLANG_ENABLE_MODULES = YES;
				CLANG_ENABLE_OBJC_ARC = YES;
				CLANG_ENABLE_OBJC_WEAK = YES;
				CLANG_WARN_BLOCK_CAPTURE_AUTORELEASING = YES;
				CLANG_WARN_BOOL_CONVERSION = YES;
				CLANG_WARN_COMMA = YES;
				CLANG_WARN_CONSTANT_CONVERSION = YES;
				CLANG_WARN_DEPRECATED_OBJC_IMPLEMENTATIONS = YES;
				CLANG_WARN_DIRECT_OBJC_ISA_USAGE = YES_ERROR;
				CLANG_WARN_DOCUMENTATION_COMMENTS = YES;
				CLANG_WARN_EMPTY_BODY = YES;
				CLANG_WARN_ENUM_CONVERSION = YES;
				CLANG_WARN_INFINITE_RECURSION = YES;
				CLANG_WARN_INT_CONVERSION = YES;
				CLANG_WARN_NON_LITERAL_NULL_CONVERSION = YES;
				CLANG_WARN_OBJC_IMPLICIT_RETAIN_SELF = YES;
				CLANG_WARN_OBJC_LITERAL_CONVERSION = YES;
				CLANG_WARN_OBJC_ROOT_CLASS = YES_ERROR;
				CLANG_WARN_QUOTED_INCLUDE_IN_FRAMEWORK_HEADER = YES;
				CLANG_WARN_RANGE_LOOP_ANALYSIS = YES;
				CLANG_WARN_STRICT_PROTOTYPES = YES;
				CLANG_WARN_SUSPICIOUS_MOVE = YES;
				CLANG_WARN_UNGUARDED_AVAILABILITY = YES_AGGRESSIVE;
				CLANG_WARN_UNREACHABLE_CODE = YES;
				CLANG_WARN__DUPLICATE_METHOD_DECL = YES;
				CLANG_WARN__DUPLICATE_METHOD_MATCH = YES;
				COPY_PHASE_STRIP = NO;
				DEBUG_INFORMATION_FORMAT = "dwarf-with-dsym";
				ENABLE_NS_ASSERTIONS = NO;
				ENABLE_STRICT_OBJC_MSGSEND = YES;
				ENABLE_USER_SCRIPT_SANDBOXING = YES;
				GCC_C_LANGUAGE_STANDARD = gnu11;
				GCC_NO_COMMON_BLOCKS = YES;
				GCC_WARN_64_TO_32_BIT_CONVERSION = YES;
				GCC_WARN_ABOUT_RETURN_TYPE = YES_ERROR;
				GCC_WARN_UNDECLARED_SELECTOR = YES;
				GCC_WARN_UNINITIALIZED_AUTOS = YES_AGGRESSIVE;
				GCC_WARN_UNUSED_FUNCTION = YES;
				GCC_WARN_UNUSED_VARIABLE = YES;
				IPHONEOS_DEPLOYMENT_TARGET = 17.0;
				MTL_ENABLE_DEBUG_INFO = NO;
				MTL_FAST_MATH = YES;
				SDKROOT = iphoneos;
				STRING_CATALOG_GENERATE_SYMBOLS = YES;
				SWIFT_COMPILATION_MODE = wholemodule;
				SWIFT_OPTIMIZATION_LEVEL = "-O";
				VALIDATE_PRODUCT = YES;
			};
			name = Release;
		};
		AABC00000000000000000003 /* Debug */ = {
			isa = XCBuildConfiguration;
			buildSettings = {
				ASSETCATALOG_COMPILER_APPICON_NAME = AppIcon;
				ASSETCATALOG_COMPILER_GLOBAL_ACCENT_COLOR_NAME = AccentColor;
				CODE_SIGN_STYLE = Automatic;
				CURRENT_PROJECT_VERSION = 1;
				DEVELOPMENT_ASSET_PATHS = "\"Aura/Preview Content\"";
				ENABLE_PREVIEWS = YES;
				GENERATE_INFOPLIST_FILE = YES;
				INFOPLIST_KEY_UIApplicationSceneManifest_Generation = YES;
				INFOPLIST_KEY_UIApplicationSupportsIndirectInputEvents = YES;
				INFOPLIST_KEY_UILaunchScreen_Generation = YES;
				INFOPLIST_KEY_UISupportedInterfaceOrientations_iPhone = "UIInterfaceOrientationPortrait UIInterfaceOrientationLandscapeLeft UIInterfaceOrientationLandscapeRight";
				LD_RUNPATH_SEARCH_PATHS = (
					"$(inherited)",
					"@executable_path/Frameworks",
				);
				MARKETING_VERSION = 1.0;
				PRODUCT_BUNDLE_IDENTIFIER = com.ximera.aura;
				PRODUCT_NAME = "$(TARGET_NAME)";
				SWIFT_EMIT_LOC_STRINGS = YES;
				SWIFT_VERSION = 5.9;
				TARGETED_DEVICE_FAMILY = 1;
			};
			name = Debug;
		};
		AABC00000000000000000004 /* Release */ = {
			isa = XCBuildConfiguration;
			buildSettings = {
				ASSETCATALOG_COMPILER_APPICON_NAME = AppIcon;
				ASSETCATALOG_COMPILER_GLOBAL_ACCENT_COLOR_NAME = AccentColor;
				CODE_SIGN_STYLE = Automatic;
				CURRENT_PROJECT_VERSION = 1;
				DEVELOPMENT_ASSET_PATHS = "\"Aura/Preview Content\"";
				ENABLE_PREVIEWS = YES;
				GENERATE_INFOPLIST_FILE = YES;
				INFOPLIST_KEY_UIApplicationSceneManifest_Generation = YES;
				INFOPLIST_KEY_UIApplicationSupportsIndirectInputEvents = YES;
				INFOPLIST_KEY_UILaunchScreen_Generation = YES;
				INFOPLIST_KEY_UISupportedInterfaceOrientations_iPhone = "UIInterfaceOrientationPortrait UIInterfaceOrientationLandscapeLeft UIInterfaceOrientationLandscapeRight";
				LD_RUNPATH_SEARCH_PATHS = (
					"$(inherited)",
					"@executable_path/Frameworks",
				);
				MARKETING_VERSION = 1.0;
				PRODUCT_BUNDLE_IDENTIFIER = com.ximera.aura;
				PRODUCT_NAME = "$(TARGET_NAME)";
				SWIFT_EMIT_LOC_STRINGS = YES;
				SWIFT_VERSION = 5.9;
				TARGETED_DEVICE_FAMILY = 1;
			};
			name = Release;
		};
		AABC00000000000000000005 /* Debug */ = {
			isa = XCBuildConfiguration;
			buildSettings = {
				BUNDLE_LOADER = "$(TEST_HOST)";
				CODE_SIGN_STYLE = Automatic;
				CURRENT_PROJECT_VERSION = 1;
				GENERATE_INFOPLIST_FILE = YES;
				IPHONEOS_DEPLOYMENT_TARGET = 17.0;
				MARKETING_VERSION = 1.0;
				PRODUCT_BUNDLE_IDENTIFIER = com.ximera.aura.tests;
				PRODUCT_NAME = "$(TARGET_NAME)";
				SWIFT_EMIT_LOC_STRINGS = NO;
				SWIFT_VERSION = 5.9;
				TARGETED_DEVICE_FAMILY = 1;
				TEST_HOST = "$(BUILT_PRODUCTS_DIR)/Aura.app/$(BUNDLE_EXECUTABLE_FOLDER_PATH)/Aura";
			};
			name = Debug;
		};
		AABC00000000000000000006 /* Release */ = {
			isa = XCBuildConfiguration;
			buildSettings = {
				BUNDLE_LOADER = "$(TEST_HOST)";
				CODE_SIGN_STYLE = Automatic;
				CURRENT_PROJECT_VERSION = 1;
				GENERATE_INFOPLIST_FILE = YES;
				IPHONEOS_DEPLOYMENT_TARGET = 17.0;
				MARKETING_VERSION = 1.0;
				PRODUCT_BUNDLE_IDENTIFIER = com.ximera.aura.tests;
				PRODUCT_NAME = "$(TARGET_NAME)";
				SWIFT_EMIT_LOC_STRINGS = NO;
				SWIFT_VERSION = 5.9;
				TARGETED_DEVICE_FAMILY = 1;
				TEST_HOST = "$(BUILT_PRODUCTS_DIR)/Aura.app/$(BUNDLE_EXECUTABLE_FOLDER_PATH)/Aura";
			};
			name = Release;
		};
		AABC00000000000000000007 /* Debug */ = {
			isa = XCBuildConfiguration;
			buildSettings = {
				CODE_SIGN_STYLE = Automatic;
				CURRENT_PROJECT_VERSION = 1;
				GENERATE_INFOPLIST_FILE = YES;
				IPHONEOS_DEPLOYMENT_TARGET = 17.0;
				MARKETING_VERSION = 1.0;
				PRODUCT_BUNDLE_IDENTIFIER = com.ximera.aura.uitests;
				PRODUCT_NAME = "$(TARGET_NAME)";
				SWIFT_EMIT_LOC_STRINGS = NO;
				SWIFT_VERSION = 5.9;
				TARGETED_DEVICE_FAMILY = 1;
				TEST_TARGET_NAME = Aura;
			};
			name = Debug;
		};
		AABC00000000000000000008 /* Release */ = {
			isa = XCBuildConfiguration;
			buildSettings = {
				CODE_SIGN_STYLE = Automatic;
				CURRENT_PROJECT_VERSION = 1;
				GENERATE_INFOPLIST_FILE = YES;
				IPHONEOS_DEPLOYMENT_TARGET = 17.0;
				MARKETING_VERSION = 1.0;
				PRODUCT_BUNDLE_IDENTIFIER = com.ximera.aura.uitests;
				PRODUCT_NAME = "$(TARGET_NAME)";
				SWIFT_EMIT_LOC_STRINGS = NO;
				SWIFT_VERSION = 5.9;
				TARGETED_DEVICE_FAMILY = 1;
				TEST_TARGET_NAME = Aura;
			};
			name = Release;
		};
/* End XCBuildConfiguration section */

/* Begin XCConfigurationList section */
		AACF00000000000000000001 /* Build configuration list for PBXProject "Aura" */ = {
			isa = XCConfigurationList;
			buildConfigurations = (
				AABC00000000000000000001 /* Debug */,
				AABC00000000000000000002 /* Release */,
			);
			defaultConfigurationIsVisible = 0;
			defaultConfigurationName = Release;
		};
		AACF00000000000000000002 /* Build configuration list for PBXNativeTarget "Aura" */ = {
			isa = XCConfigurationList;
			buildConfigurations = (
				AABC00000000000000000003 /* Debug */,
				AABC00000000000000000004 /* Release */,
			);
			defaultConfigurationIsVisible = 0;
			defaultConfigurationName = Release;
		};
		AACF00000000000000000003 /* Build configuration list for PBXNativeTarget "AuraTests" */ = {
			isa = XCConfigurationList;
			buildConfigurations = (
				AABC00000000000000000005 /* Debug */,
				AABC00000000000000000006 /* Release */,
			);
			defaultConfigurationIsVisible = 0;
			defaultConfigurationName = Release;
		};
		AACF00000000000000000004 /* Build configuration list for PBXNativeTarget "AuraUITests" */ = {
			isa = XCConfigurationList;
			buildConfigurations = (
				AABC00000000000000000007 /* Debug */,
				AABC00000000000000000008 /* Release */,
			);
			defaultConfigurationIsVisible = 0;
			defaultConfigurationName = Release;
		};
/* End XCConfigurationList section */
	};
	rootObject = AAA300000000000000000001 /* Project object */;
}
